{
  "version": 4,
  "terraform_version": "1.8.2",
  "serial": 14,
  "lineage": "47b1a614-7675-e2df-0189-551b91cbcc7e",
  "outputs": {
    "users_list": {
      "value": [
        "admin-user-687146059744",
        "terraform"
      ],
      "type": [
        "set",
        "string"
      ]
    },
    "users_total": {
      "value": 2,
      "type": "number"
    }
  },
  "resources": [
    {
      "mode": "data",
      "type": "aws_caller_identity",
      "name": "current",
      "provider": "provider[\"registry.terraform.io/hashicorp/aws\"]",
      "instances": [
        {
          "schema_version": 0,
          "attributes": {
            "account_id": "687146059744",
            "arn": "arn:aws:iam::687146059744:user/terraform",
            "id": "687146059744",
            "user_id": "AIDAZ77IYY7QB6D5EQAKY"
          },
          "sensitive_attributes": []
        }
      ]
    },
    {
      "mode": "data",
      "type": "aws_iam_users",
      "name": "users",
      "provider": "provider[\"registry.terraform.io/hashicorp/aws\"]",
      "instances": [
        {
          "schema_version": 0,
          "attributes": {
            "arns": [
              "arn:aws:iam::687146059744:user/system/admin-user-687146059744",
              "arn:aws:iam::687146059744:user/terraform"
            ],
            "id": "sa-east-1",
            "name_regex": null,
            "names": [
              "admin-user-687146059744",
              "terraform"
            ],
            "path_prefix": null
          },
          "sensitive_attributes": []
        }
      ]
    },
    {
      "mode": "managed",
      "type": "aws_iam_user",
      "name": "user",
      "provider": "provider[\"registry.terraform.io/hashicorp/aws\"]",
      "instances": [
        {
          "schema_version": 0,
          "attributes": {
            "arn": "arn:aws:iam::687146059744:user/system/admin-user-687146059744",
            "force_destroy": false,
            "id": "admin-user-687146059744",
            "name": "admin-user-687146059744",
            "path": "/system/",
            "permissions_boundary": "",
            "tags": {},
            "tags_all": {},
            "unique_id": "AIDAZ77IYY7QCDVCZ6DMS"
          },
          "sensitive_attributes": [],
          "private": "bnVsbA==",
          "dependencies": [
            "data.aws_caller_identity.current"
          ]
        }
      ]
    }
  ],
  "check_results": null
}
